{
    "_meta": {
        "hash": {
            "sha256": "3b735f895f8606ea51671f232d489bcfcb6d2fdf8cef0ae313ccf8c225f11088"
        },
        "pipfile-spec": 6,
        "requires": {
            "python_version": "3.5"
        },
        "sources": [
            {
                "name": "pypi",
                "url": "https://pypi.org/simple",
                "verify_ssl": true
            }
        ]
    },
    "default": {
        "indented": {
            "hashes": [
                "sha256:57de7ad8d9b1b531ed367e1ae23caa8b8fd50d419607ac5bdbc634fbb09efcf4"
            ],
            "index": "pypi",
            "version": "==0.9.0"
        },
        "typeguard": {
            "hashes": [
                "sha256:13ecd6ca9cd4a8b7965138c5782e3ab3711096f573c91b3ce120ac4764a6a233",
                "sha256:b8ddc6e2e60bd64b7003f9a685a09ba387b74adf2f6bea7534a76d61892f573e"
            ],
            "index": "pypi",
            "version": "==2.2.2"
        }
    },
    "develop": {
        "7c4da24": {
            "editable": true,
            "path": ".\\..\\indented"
        }
    }
}
